
Microsoft Visual Studio Solution File, Format Version 12.00
# Visual Studio Version 17
VisualStudioVersion = 17.14.36203.30 d17.14
MinimumVisualStudioVersion = 10.0.40219.1
Project("{8BC9CEB8-8B4A-11D0-8D11-00A0C91BC942}") = "ProyectoFerrreteria", "ProyectoFerrreteria.vcxproj", "{70B9F9D3-0C4E-4FDD-AEE3-7BC27300FDDB}"
EndProject
Global
	GlobalSection(SolutionConfigurationPlatforms) = preSolution
		Debug|x64 = Debug|x64
		Debug|x86 = Debug|x86
		Release|x64 = Release|x64
		Release|x86 = Release|x86
	EndGlobalSection
	GlobalSection(ProjectConfigurationPlatforms) = postSolution
		{70B9F9D3-0C4E-4FDD-AEE3-7BC27300FDDB}.Debug|x64.ActiveCfg = Debug|x64
		{70B9F9D3-0C4E-4FDD-AEE3-7BC27300FDDB}.Debug|x64.Build.0 = Debug|x64
		{70B9F9D3-0C4E-4FDD-AEE3-7BC27300FDDB}.Debug|x86.ActiveCfg = Debug|Win32
		{70B9F9D3-0C4E-4FDD-AEE3-7BC27300FDDB}.Debug|x86.Build.0 = Debug|Win32
		{70B9F9D3-0C4E-4FDD-AEE3-7BC27300FDDB}.Release|x64.ActiveCfg = Release|x64
		{70B9F9D3-0C4E-4FDD-AEE3-7BC27300FDDB}.Release|x64.Build.0 = Release|x64
		{70B9F9D3-0C4E-4FDD-AEE3-7BC27300FDDB}.Release|x86.ActiveCfg = Release|Win32
		{70B9F9D3-0C4E-4FDD-AEE3-7BC27300FDDB}.Release|x86.Build.0 = Release|Win32
	EndGlobalSection
	GlobalSection(SolutionProperties) = preSolution
		HideSolutionNode = FALSE
	EndGlobalSection
	GlobalSection(ExtensibilityGlobals) = postSolution
		SolutionGuid = {03FCB151-1175-4E3C-8514-DDAEBB1AC48D}
	EndGlobalSection
EndGlobal
